
Microsoft Visual Studio Solution File, Format Version 12.00
# Visual Studio Version 16
VisualStudioVersion = 16.0.31424.327
MinimumVisualStudioVersion = 10.0.40219.1
Project("{8BC9CEB8-8B4A-11D0-8D11-00A0C91BC942}") = "XPhysX", "XPhysX.vcxproj", "{E3FFB472-EB71-4027-8900-D1495D2146D4}"
EndProject
Global
	GlobalSection(SolutionConfigurationPlatforms) = preSolution
		Debug|x64 = Debug|x64
		Debug|x86 = Debug|x86
		Release|x64 = Release|x64
		Release|x86 = Release|x86
	EndGlobalSection
	GlobalSection(ProjectConfigurationPlatforms) = postSolution
		{E3FFB472-EB71-4027-8900-D1495D2146D4}.Debug|x64.ActiveCfg = Debug|x64
		{E3FFB472-EB71-4027-8900-D1495D2146D4}.Debug|x64.Build.0 = Debug|x64
		{E3FFB472-EB71-4027-8900-D1495D2146D4}.Debug|x86.ActiveCfg = Debug|Win32
		{E3FFB472-EB71-4027-8900-D1495D2146D4}.Debug|x86.Build.0 = Debug|Win32
		{E3FFB472-EB71-4027-8900-D1495D2146D4}.Release|x64.ActiveCfg = Release|x64
		{E3FFB472-EB71-4027-8900-D1495D2146D4}.Release|x64.Build.0 = Release|x64
		{E3FFB472-EB71-4027-8900-D1495D2146D4}.Release|x86.ActiveCfg = Release|Win32
		{E3FFB472-EB71-4027-8900-D1495D2146D4}.Release|x86.Build.0 = Release|Win32
	EndGlobalSection
	GlobalSection(SolutionProperties) = preSolution
		HideSolutionNode = FALSE
	EndGlobalSection
	GlobalSection(ExtensibilityGlobals) = postSolution
		SolutionGuid = {365FB403-58D8-4F89-BA59-94421E1DE7A2}
	EndGlobalSection
EndGlobal
